
Microsoft Visual Studio Solution File, Format Version 12.00
# Visual Studio Version 17
VisualStudioVersion = 17.9.34728.123
MinimumVisualStudioVersion = 10.0.40219.1
Project("{FAE04EC0-301F-11D3-BF4B-00C04F79EFBC}") = "MyImageProject", "MyImageProject\MyImageProject.csproj", "{952E85CD-17F7-49EB-B8A7-5A6602ACF239}"
EndProject
Global
	GlobalSection(SolutionConfigurationPlatforms) = preSolution
		Debug|Any CPU = Debug|Any CPU
		Release|Any CPU = Release|Any CPU
	EndGlobalSection
	GlobalSection(ProjectConfigurationPlatforms) = postSolution
		{952E85CD-17F7-49EB-B8A7-5A6602ACF239}.Debug|Any CPU.ActiveCfg = Debug|Any CPU
		{952E85CD-17F7-49EB-B8A7-5A6602ACF239}.Debug|Any CPU.Build.0 = Debug|Any CPU
		{952E85CD-17F7-49EB-B8A7-5A6602ACF239}.Release|Any CPU.ActiveCfg = Release|Any CPU
		{952E85CD-17F7-49EB-B8A7-5A6602ACF239}.Release|Any CPU.Build.0 = Release|Any CPU
	EndGlobalSection
	GlobalSection(SolutionProperties) = preSolution
		HideSolutionNode = FALSE
	EndGlobalSection
	GlobalSection(ExtensibilityGlobals) = postSolution
		SolutionGuid = {DE8BE4C1-750F-45CB-B458-6C2628DDECC1}
	EndGlobalSection
EndGlobal
